{
    "_readme": [
        "This file locks the dependencies of your project to a known state",
        "Read more about it at https://getcomposer.org/doc/01-basic-usage.md#installing-dependencies",
        "This file is @generated automatically"
    ],
    "content-hash": "6878b73988cdb952f9b26eccce35f791",
    "packages": [
        {
            "name": "kristos80/opton",
            "version": "v1.1.2",
            "source": {
                "type": "git",
                "url": "https://github.com/kristos80/Opton.git",
                "reference": "5490f4c596b7e745a27f86c4ab31192b1b581dd2"
            },
            "dist": {
                "type": "zip",
                "url": "https://api.github.com/repos/kristos80/Opton/zipball/5490f4c596b7e745a27f86c4ab31192b1b581dd2",
                "reference": "5490f4c596b7e745a27f86c4ab31192b1b581dd2",
                "shasum": ""
            },
            "require-dev": {
                "phpunit/phpunit": "^7"
            },
            "type": "library",
            "autoload": {
                "psr-4": {
                    "Kristos80\\Opton\\": "src/"
                }
            },
            "notification-url": "https://packagist.org/downloads/",
            "license": [
                "MIT"
            ],
            "authors": [
                {
                    "name": "Christos Athanasiadis",
                    "email": "christos.k.athanasiadis@gmail.com"
                }
            ],
            "description": "Easily get a value from an array or object without all of those unnecessary array_key_exists or isset controls",
            "support": {
                "issues": "https://github.com/kristos80/Opton/issues",
                "source": "https://github.com/kristos80/Opton/tree/master"
            },
            "time": "2020-03-16T14:49:09+00:00"
        },
        {
            "name": "sabre/uri",
            "version": "2.2.1",
            "source": {
                "type": "git",
                "url": "https://github.com/sabre-io/uri.git",
                "reference": "f502edffafea8d746825bd5f0b923a60fd2715ff"
            },
            "dist": {
                "type": "zip",
                "url": "https://api.github.com/repos/sabre-io/uri/zipball/f502edffafea8d746825bd5f0b923a60fd2715ff",
                "reference": "f502edffafea8d746825bd5f0b923a60fd2715ff",
                "shasum": ""
            },
            "require": {
                "php": "^7.1 || ^8.0"
            },
            "require-dev": {
                "friendsofphp/php-cs-fixer": "~2.16.1",
                "phpstan/phpstan": "^0.12",
                "phpunit/phpunit": "^7.5 || ^8.5 || ^9.0"
            },
            "type": "library",
            "autoload": {
                "files": [
                    "lib/functions.php"
                ],
                "psr-4": {
                    "Sabre\\Uri\\": "lib/"
                }
            },
            "notification-url": "https://packagist.org/downloads/",
            "license": [
                "BSD-3-Clause"
            ],
            "authors": [
                {
                    "name": "Evert Pot",
                    "email": "me@evertpot.com",
                    "homepage": "http://evertpot.com/",
                    "role": "Developer"
                }
            ],
            "description": "Functions for making sense out of URIs.",
            "homepage": "http://sabre.io/uri/",
            "keywords": [
                "rfc3986",
                "uri",
                "url"
            ],
            "support": {
                "forum": "https://groups.google.com/group/sabredav-discuss",
                "issues": "https://github.com/sabre-io/uri/issues",
                "source": "https://github.com/fruux/sabre-uri"
            },
            "time": "2020-10-03T10:33:23+00:00"
        }
    ],
    "packages-dev": [],
    "aliases": [],
    "minimum-stability": "stable",
    "stability-flags": [],
    "prefer-stable": false,
    "prefer-lowest": false,
    "platform": [],
    "platform-dev": [],
    "plugin-api-version": "2.0.0"
}
